// !$*UTF8*$!
{
	archiveVersion = 1;
	classes = {
	};
	objectVersion = 51;
	objects = {

/* Begin PBXBuildFile section */
		D20B01B826A9A785001B089A /* Response.swift in Sources */ = {isa = PBXBuildFile; fileRef = D20B01B726A9A785001B089A /* Response.swift */; };
		D20B01BA26A9A7AF001B089A /* EndPointType.swift in Sources */ = {isa = PBXBuildFile; fileRef = D20B01B926A9A7AF001B089A /* EndPointType.swift */; };
		D20B01BC26A9A7C9001B089A /* NetworkType.swift in Sources */ = {isa = PBXBuildFile; fileRef = D20B01BB26A9A7C9001B089A /* NetworkType.swift */; };
		D20B01BE26A9A7EE001B089A /* Networking.swift in Sources */ = {isa = PBXBuildFile; fileRef = D20B01BD26A9A7EE001B089A /* Networking.swift */; };
		D20B01C026A9A811001B089A /* Api.swift in Sources */ = {isa = PBXBuildFile; fileRef = D20B01BF26A9A811001B089A /* Api.swift */; };
		D20B01C326A9AA0A001B089A /* PostsViewModel.swift in Sources */ = {isa = PBXBuildFile; fileRef = D20B01C226A9AA0A001B089A /* PostsViewModel.swift */; };
		D20B01C626A9AA85001B089A /* Post.swift in Sources */ = {isa = PBXBuildFile; fileRef = D20B01C526A9AA85001B089A /* Post.swift */; };
		D20B01CA26A9EFA5001B089A /* PostTableViewCell.swift in Sources */ = {isa = PBXBuildFile; fileRef = D20B01C826A9EFA5001B089A /* PostTableViewCell.swift */; };
		D20B01CB26A9EFA5001B089A /* PostTableViewCell.xib in Resources */ = {isa = PBXBuildFile; fileRef = D20B01C926A9EFA5001B089A /* PostTableViewCell.xib */; };
		D20B01CE26AAFCD0001B089A /* String + extention.swift in Sources */ = {isa = PBXBuildFile; fileRef = D20B01CD26AAFCD0001B089A /* String + extention.swift */; };
		D20B01D026AAFE93001B089A /* PostTableViewCellViewModel.swift in Sources */ = {isa = PBXBuildFile; fileRef = D20B01CF26AAFE93001B089A /* PostTableViewCellViewModel.swift */; };
		D20B01D226AB354A001B089A /* UIimageView + extention.swift in Sources */ = {isa = PBXBuildFile; fileRef = D20B01D126AB354A001B089A /* UIimageView + extention.swift */; };
		D20B01D426AB3581001B089A /* Date + extention.swift in Sources */ = {isa = PBXBuildFile; fileRef = D20B01D326AB3581001B089A /* Date + extention.swift */; };
		D20B01D726AC78FA001B089A /* PromotionTableViewCell.swift in Sources */ = {isa = PBXBuildFile; fileRef = D20B01D526AC78FA001B089A /* PromotionTableViewCell.swift */; };
		D20B01D826AC78FA001B089A /* PromotionTableViewCell.xib in Resources */ = {isa = PBXBuildFile; fileRef = D20B01D626AC78FA001B089A /* PromotionTableViewCell.xib */; };
		D20B01DA26ACAFC8001B089A /* WebViewController.swift in Sources */ = {isa = PBXBuildFile; fileRef = D20B01D926ACAFC8001B089A /* WebViewController.swift */; };
		D20B01DC26ADC82D001B089A /* UITableView + extention.swift in Sources */ = {isa = PBXBuildFile; fileRef = D20B01DB26ADC82D001B089A /* UITableView + extention.swift */; };
		D20B01DE26ADDB5D001B089A /* UIScrollView + extention.swift in Sources */ = {isa = PBXBuildFile; fileRef = D20B01DD26ADDB5D001B089A /* UIScrollView + extention.swift */; };
		D28A11D526A73FCC00032484 /* AppDelegate.swift in Sources */ = {isa = PBXBuildFile; fileRef = D28A11D426A73FCC00032484 /* AppDelegate.swift */; };
		D28A11D926A73FCC00032484 /* ViewController.swift in Sources */ = {isa = PBXBuildFile; fileRef = D28A11D826A73FCC00032484 /* ViewController.swift */; };
		D28A11DC26A73FCC00032484 /* Main.storyboard in Resources */ = {isa = PBXBuildFile; fileRef = D28A11DA26A73FCC00032484 /* Main.storyboard */; };
		D28A11DF26A73FCC00032484 /* TipRanksExam.xcdatamodeld in Sources */ = {isa = PBXBuildFile; fileRef = D28A11DD26A73FCC00032484 /* TipRanksExam.xcdatamodeld */; };
		D28A11E126A73FCE00032484 /* Assets.xcassets in Resources */ = {isa = PBXBuildFile; fileRef = D28A11E026A73FCE00032484 /* Assets.xcassets */; };
		D28A11E426A73FCE00032484 /* LaunchScreen.storyboard in Resources */ = {isa = PBXBuildFile; fileRef = D28A11E226A73FCE00032484 /* LaunchScreen.storyboard */; };
		D28A11EF26A73FCE00032484 /* TipRanksExamTests.swift in Sources */ = {isa = PBXBuildFile; fileRef = D28A11EE26A73FCE00032484 /* TipRanksExamTests.swift */; };
		D28A11FA26A73FCE00032484 /* TipRanksExamUITests.swift in Sources */ = {isa = PBXBuildFile; fileRef = D28A11F926A73FCE00032484 /* TipRanksExamUITests.swift */; };
		D28A120826A740BF00032484 /* AppCorrdinator.swift in Sources */ = {isa = PBXBuildFile; fileRef = D28A120726A740BF00032484 /* AppCorrdinator.swift */; };
		D28A120A26A740D600032484 /* Coordinator.swift in Sources */ = {isa = PBXBuildFile; fileRef = D28A120926A740D600032484 /* Coordinator.swift */; };
		D28A120C26A7413200032484 /* MainCoordinator.swift in Sources */ = {isa = PBXBuildFile; fileRef = D28A120B26A7413200032484 /* MainCoordinator.swift */; };
		DB5A1402561B710EC923E2F0 /* Pods_TipRanksExam.framework in Frameworks */ = {isa = PBXBuildFile; fileRef = 7FB21F1FBAD83BECE016A294 /* Pods_TipRanksExam.framework */; };
/* End PBXBuildFile section */

/* Begin PBXContainerItemProxy section */
		D28A11EB26A73FCE00032484 /* PBXContainerItemProxy */ = {
			isa = PBXContainerItemProxy;
			containerPortal = D28A11C926A73FCC00032484 /* Project object */;
			proxyType = 1;
			remoteGlobalIDString = D28A11D026A73FCC00032484;
			remoteInfo = TipRanksExam;
		};
		D28A11F626A73FCE00032484 /* PBXContainerItemProxy */ = {
			isa = PBXContainerItemProxy;
			containerPortal = D28A11C926A73FCC00032484 /* Project object */;
			proxyType = 1;
			remoteGlobalIDString = D28A11D026A73FCC00032484;
			remoteInfo = TipRanksExam;
		};
/* End PBXContainerItemProxy section */

/* Begin PBXFileReference section */
		5642E0F249878B44C687F2ED /* Pods-TipRanksExam.release.xcconfig */ = {isa = PBXFileReference; includeInIndex = 1; lastKnownFileType = text.xcconfig; name = "Pods-TipRanksExam.release.xcconfig"; path = "Target Support Files/Pods-TipRanksExam/Pods-TipRanksExam.release.xcconfig"; sourceTree = "<group>"; };
		7FB21F1FBAD83BECE016A294 /* Pods_TipRanksExam.framework */ = {isa = PBXFileReference; explicitFileType = wrapper.framework; includeInIndex = 0; path = Pods_TipRanksExam.framework; sourceTree = BUILT_PRODUCTS_DIR; };
		8F9A494E89A5715F86F6422E /* Pods-TipRanksExam.debug.xcconfig */ = {isa = PBXFileReference; includeInIndex = 1; lastKnownFileType = text.xcconfig; name = "Pods-TipRanksExam.debug.xcconfig"; path = "Target Support Files/Pods-TipRanksExam/Pods-TipRanksExam.debug.xcconfig"; sourceTree = "<group>"; };
		D20B01B726A9A785001B089A /* Response.swift */ = {isa = PBXFileReference; lastKnownFileType = sourcecode.swift; path = Response.swift; sourceTree = "<group>"; };
		D20B01B926A9A7AF001B089A /* EndPointType.swift */ = {isa = PBXFileReference; lastKnownFileType = sourcecode.swift; path = EndPointType.swift; sourceTree = "<group>"; };
		D20B01BB26A9A7C9001B089A /* NetworkType.swift */ = {isa = PBXFileReference; lastKnownFileType = sourcecode.swift; path = NetworkType.swift; sourceTree = "<group>"; };
		D20B01BD26A9A7EE001B089A /* Networking.swift */ = {isa = PBXFileReference; lastKnownFileType = sourcecode.swift; path = Networking.swift; sourceTree = "<group>"; };
		D20B01BF26A9A811001B089A /* Api.swift */ = {isa = PBXFileReference; lastKnownFileType = sourcecode.swift; path = Api.swift; sourceTree = "<group>"; };
		D20B01C226A9AA0A001B089A /* PostsViewModel.swift */ = {isa = PBXFileReference; lastKnownFileType = sourcecode.swift; path = PostsViewModel.swift; sourceTree = "<group>"; };
		D20B01C526A9AA85001B089A /* Post.swift */ = {isa = PBXFileReference; lastKnownFileType = sourcecode.swift; path = Post.swift; sourceTree = "<group>"; };
		D20B01C826A9EFA5001B089A /* PostTableViewCell.swift */ = {isa = PBXFileReference; lastKnownFileType = sourcecode.swift; path = PostTableViewCell.swift; sourceTree = "<group>"; };
		D20B01C926A9EFA5001B089A /* PostTableViewCell.xib */ = {isa = PBXFileReference; lastKnownFileType = file.xib; path = PostTableViewCell.xib; sourceTree = "<group>"; };
		D20B01CD26AAFCD0001B089A /* String + extention.swift */ = {isa = PBXFileReference; lastKnownFileType = sourcecode.swift; path = "String + extention.swift"; sourceTree = "<group>"; };
		D20B01CF26AAFE93001B089A /* PostTableViewCellViewModel.swift */ = {isa = PBXFileReference; lastKnownFileType = sourcecode.swift; path = PostTableViewCellViewModel.swift; sourceTree = "<group>"; };
		D20B01D126AB354A001B089A /* UIimageView + extention.swift */ = {isa = PBXFileReference; lastKnownFileType = sourcecode.swift; path = "UIimageView + extention.swift"; sourceTree = "<group>"; };
		D20B01D326AB3581001B089A /* Date + extention.swift */ = {isa = PBXFileReference; lastKnownFileType = sourcecode.swift; path = "Date + extention.swift"; sourceTree = "<group>"; };
		D20B01D526AC78FA001B089A /* PromotionTableViewCell.swift */ = {isa = PBXFileReference; lastKnownFileType = sourcecode.swift; path = PromotionTableViewCell.swift; sourceTree = "<group>"; };
		D20B01D626AC78FA001B089A /* PromotionTableViewCell.xib */ = {isa = PBXFileReference; lastKnownFileType = file.xib; path = PromotionTableViewCell.xib; sourceTree = "<group>"; };
		D20B01D926ACAFC8001B089A /* WebViewController.swift */ = {isa = PBXFileReference; lastKnownFileType = sourcecode.swift; path = WebViewController.swift; sourceTree = "<group>"; };
		D20B01DB26ADC82D001B089A /* UITableView + extention.swift */ = {isa = PBXFileReference; lastKnownFileType = sourcecode.swift; path = "UITableView + extention.swift"; sourceTree = "<group>"; };
		D20B01DD26ADDB5D001B089A /* UIScrollView + extention.swift */ = {isa = PBXFileReference; lastKnownFileType = sourcecode.swift; path = "UIScrollView + extention.swift"; sourceTree = "<group>"; };
		D28A11D126A73FCC00032484 /* TipRanksExam.app */ = {isa = PBXFileReference; explicitFileType = wrapper.application; includeInIndex = 0; path = TipRanksExam.app; sourceTree = BUILT_PRODUCTS_DIR; };
		D28A11D426A73FCC00032484 /* AppDelegate.swift */ = {isa = PBXFileReference; lastKnownFileType = sourcecode.swift; path = AppDelegate.swift; sourceTree = "<group>"; };
		D28A11D826A73FCC00032484 /* ViewController.swift */ = {isa = PBXFileReference; lastKnownFileType = sourcecode.swift; path = ViewController.swift; sourceTree = "<group>"; };
		D28A11DB26A73FCC00032484 /* Base */ = {isa = PBXFileReference; lastKnownFileType = file.storyboard; name = Base; path = Base.lproj/Main.storyboard; sourceTree = "<group>"; };
		D28A11DE26A73FCC00032484 /* TipRanksExam.xcdatamodel */ = {isa = PBXFileReference; lastKnownFileType = wrapper.xcdatamodel; path = TipRanksExam.xcdatamodel; sourceTree = "<group>"; };
		D28A11E026A73FCE00032484 /* Assets.xcassets */ = {isa = PBXFileReference; lastKnownFileType = folder.assetcatalog; path = Assets.xcassets; sourceTree = "<group>"; };
		D28A11E326A73FCE00032484 /* Base */ = {isa = PBXFileReference; lastKnownFileType = file.storyboard; name = Base; path = Base.lproj/LaunchScreen.storyboard; sourceTree = "<group>"; };
		D28A11E526A73FCE00032484 /* Info.plist */ = {isa = PBXFileReference; lastKnownFileType = text.plist.xml; path = Info.plist; sourceTree = "<group>"; };
		D28A11EA26A73FCE00032484 /* TipRanksExamTests.xctest */ = {isa = PBXFileReference; explicitFileType = wrapper.cfbundle; includeInIndex = 0; path = TipRanksExamTests.xctest; sourceTree = BUILT_PRODUCTS_DIR; };
		D28A11EE26A73FCE00032484 /* TipRanksExamTests.swift */ = {isa = PBXFileReference; lastKnownFileType = sourcecode.swift; path = TipRanksExamTests.swift; sourceTree = "<group>"; };
		D28A11F026A73FCE00032484 /* Info.plist */ = {isa = PBXFileReference; lastKnownFileType = text.plist.xml; path = Info.plist; sourceTree = "<group>"; };
		D28A11F526A73FCE00032484 /* TipRanksExamUITests.xctest */ = {isa = PBXFileReference; explicitFileType = wrapper.cfbundle; includeInIndex = 0; path = TipRanksExamUITests.xctest; sourceTree = BUILT_PRODUCTS_DIR; };
		D28A11F926A73FCE00032484 /* TipRanksExamUITests.swift */ = {isa = PBXFileReference; lastKnownFileType = sourcecode.swift; path = TipRanksExamUITests.swift; sourceTree = "<group>"; };
		D28A11FB26A73FCE00032484 /* Info.plist */ = {isa = PBXFileReference; lastKnownFileType = text.plist.xml; path = Info.plist; sourceTree = "<group>"; };
		D28A120726A740BF00032484 /* AppCorrdinator.swift */ = {isa = PBXFileReference; lastKnownFileType = sourcecode.swift; path = AppCorrdinator.swift; sourceTree = "<group>"; };
		D28A120926A740D600032484 /* Coordinator.swift */ = {isa = PBXFileReference; lastKnownFileType = sourcecode.swift; path = Coordinator.swift; sourceTree = "<group>"; };
		D28A120B26A7413200032484 /* MainCoordinator.swift */ = {isa = PBXFileReference; lastKnownFileType = sourcecode.swift; path = MainCoordinator.swift; sourceTree = "<group>"; };
/* End PBXFileReference section */

/* Begin PBXFrameworksBuildPhase section */
		D28A11CE26A73FCC00032484 /* Frameworks */ = {
			isa = PBXFrameworksBuildPhase;
			buildActionMask = 2147483647;
			files = (
				DB5A1402561B710EC923E2F0 /* Pods_TipRanksExam.framework in Frameworks */,
			);
			runOnlyForDeploymentPostprocessing = 0;
		};
		D28A11E726A73FCE00032484 /* Frameworks */ = {
			isa = PBXFrameworksBuildPhase;
			buildActionMask = 2147483647;
			files = (
			);
			runOnlyForDeploymentPostprocessing = 0;
		};
		D28A11F226A73FCE00032484 /* Frameworks */ = {
			isa = PBXFrameworksBuildPhase;
			buildActionMask = 2147483647;
			files = (
			);
			runOnlyForDeploymentPostprocessing = 0;
		};
/* End PBXFrameworksBuildPhase section */

/* Begin PBXGroup section */
		0018D69E0F64063410BD1DD1 /* Pods */ = {
			isa = PBXGroup;
			children = (
				8F9A494E89A5715F86F6422E /* Pods-TipRanksExam.debug.xcconfig */,
				5642E0F249878B44C687F2ED /* Pods-TipRanksExam.release.xcconfig */,
			);
			path = Pods;
			sourceTree = "<group>";
		};
		6A17A8F632CFD68F3E1613E6 /* Frameworks */ = {
			isa = PBXGroup;
			children = (
				7FB21F1FBAD83BECE016A294 /* Pods_TipRanksExam.framework */,
			);
			name = Frameworks;
			sourceTree = "<group>";
		};
		D20B01B526A9A4B6001B089A /* Coordinator */ = {
			isa = PBXGroup;
			children = (
				D28A120726A740BF00032484 /* AppCorrdinator.swift */,
				D28A120B26A7413200032484 /* MainCoordinator.swift */,
				D28A120926A740D600032484 /* Coordinator.swift */,
			);
			path = Coordinator;
			sourceTree = "<group>";
		};
		D20B01B626A9A761001B089A /* Network */ = {
			isa = PBXGroup;
			children = (
				D20B01B726A9A785001B089A /* Response.swift */,
				D20B01B926A9A7AF001B089A /* EndPointType.swift */,
				D20B01BB26A9A7C9001B089A /* NetworkType.swift */,
				D20B01BD26A9A7EE001B089A /* Networking.swift */,
				D20B01BF26A9A811001B089A /* Api.swift */,
			);
			path = Network;
			sourceTree = "<group>";
		};
		D20B01C126A9A9E6001B089A /* ViewModel */ = {
			isa = PBXGroup;
			children = (
				D20B01C226A9AA0A001B089A /* PostsViewModel.swift */,
				D20B01CF26AAFE93001B089A /* PostTableViewCellViewModel.swift */,
			);
			path = ViewModel;
			sourceTree = "<group>";
		};
		D20B01C426A9AA74001B089A /* Model */ = {
			isa = PBXGroup;
			children = (
				D20B01C526A9AA85001B089A /* Post.swift */,
			);
			path = Model;
			sourceTree = "<group>";
		};
		D20B01C726A9EF5D001B089A /* View */ = {
			isa = PBXGroup;
			children = (
				D20B01C826A9EFA5001B089A /* PostTableViewCell.swift */,
				D20B01D526AC78FA001B089A /* PromotionTableViewCell.swift */,
				D20B01D626AC78FA001B089A /* PromotionTableViewCell.xib */,
				D20B01C926A9EFA5001B089A /* PostTableViewCell.xib */,
			);
			path = View;
			sourceTree = "<group>";
		};
		D20B01CC26AAFC9F001B089A /* Extension */ = {
			isa = PBXGroup;
			children = (
				D20B01CD26AAFCD0001B089A /* String + extention.swift */,
				D20B01D126AB354A001B089A /* UIimageView + extention.swift */,
				D20B01D326AB3581001B089A /* Date + extention.swift */,
				D20B01DB26ADC82D001B089A /* UITableView + extention.swift */,
				D20B01DD26ADDB5D001B089A /* UIScrollView + extention.swift */,
			);
			path = Extension;
			sourceTree = "<group>";
		};
		D20B01DF26AE0154001B089A /* ViewController */ = {
			isa = PBXGroup;
			children = (
				D28A11D826A73FCC00032484 /* ViewController.swift */,
				D20B01D926ACAFC8001B089A /* WebViewController.swift */,
			);
			path = ViewController;
			sourceTree = "<group>";
		};
		D28A11C826A73FCC00032484 = {
			isa = PBXGroup;
			children = (
				D28A11D326A73FCC00032484 /* TipRanksExam */,
				D28A11ED26A73FCE00032484 /* TipRanksExamTests */,
				D28A11F826A73FCE00032484 /* TipRanksExamUITests */,
				D28A11D226A73FCC00032484 /* Products */,
				0018D69E0F64063410BD1DD1 /* Pods */,
				6A17A8F632CFD68F3E1613E6 /* Frameworks */,
			);
			sourceTree = "<group>";
		};
		D28A11D226A73FCC00032484 /* Products */ = {
			isa = PBXGroup;
			children = (
				D28A11D126A73FCC00032484 /* TipRanksExam.app */,
				D28A11EA26A73FCE00032484 /* TipRanksExamTests.xctest */,
				D28A11F526A73FCE00032484 /* TipRanksExamUITests.xctest */,
			);
			name = Products;
			sourceTree = "<group>";
		};
		D28A11D326A73FCC00032484 /* TipRanksExam */ = {
			isa = PBXGroup;
			children = (
				D28A11D426A73FCC00032484 /* AppDelegate.swift */,
				D20B01DF26AE0154001B089A /* ViewController */,
				D20B01CC26AAFC9F001B089A /* Extension */,
				D20B01C726A9EF5D001B089A /* View */,
				D20B01C126A9A9E6001B089A /* ViewModel */,
				D20B01C426A9AA74001B089A /* Model */,
				D20B01B626A9A761001B089A /* Network */,
				D20B01B526A9A4B6001B089A /* Coordinator */,
				D28A11DA26A73FCC00032484 /* Main.storyboard */,
				D28A11E026A73FCE00032484 /* Assets.xcassets */,
				D28A11E226A73FCE00032484 /* LaunchScreen.storyboard */,
				D28A11E526A73FCE00032484 /* Info.plist */,
				D28A11DD26A73FCC00032484 /* TipRanksExam.xcdatamodeld */,
			);
			path = TipRanksExam;
			sourceTree = "<group>";
		};
		D28A11ED26A73FCE00032484 /* TipRanksExamTests */ = {
			isa = PBXGroup;
			children = (
				D28A11EE26A73FCE00032484 /* TipRanksExamTests.swift */,
				D28A11F026A73FCE00032484 /* Info.plist */,
			);
			path = TipRanksExamTests;
			sourceTree = "<group>";
		};
		D28A11F826A73FCE00032484 /* TipRanksExamUITests */ = {
			isa = PBXGroup;
			children = (
				D28A11F926A73FCE00032484 /* TipRanksExamUITests.swift */,
				D28A11FB26A73FCE00032484 /* Info.plist */,
			);
			path = TipRanksExamUITests;
			sourceTree = "<group>";
		};
/* End PBXGroup section */

/* Begin PBXNativeTarget section */
		D28A11D026A73FCC00032484 /* TipRanksExam */ = {
			isa = PBXNativeTarget;
			buildConfigurationList = D28A11FE26A73FCE00032484 /* Build configuration list for PBXNativeTarget "TipRanksExam" */;
			buildPhases = (
				AFE345FBFF817659651F9D9F /* [CP] Check Pods Manifest.lock */,
				D28A11CD26A73FCC00032484 /* Sources */,
				D28A11CE26A73FCC00032484 /* Frameworks */,
				D28A11CF26A73FCC00032484 /* Resources */,
				E6C860D12E38D6C559E0453F /* [CP] Embed Pods Frameworks */,
				7EE842FCC6CC7D0613DD072B /* [CP] Copy Pods Resources */,
			);
			buildRules = (
			);
			dependencies = (
			);
			name = TipRanksExam;
			productName = TipRanksExam;
			productReference = D28A11D126A73FCC00032484 /* TipRanksExam.app */;
			productType = "com.apple.product-type.application";
		};
		D28A11E926A73FCE00032484 /* TipRanksExamTests */ = {
			isa = PBXNativeTarget;
			buildConfigurationList = D28A120126A73FCE00032484 /* Build configuration list for PBXNativeTarget "TipRanksExamTests" */;
			buildPhases = (
				D28A11E626A73FCE00032484 /* Sources */,
				D28A11E726A73FCE00032484 /* Frameworks */,
				D28A11E826A73FCE00032484 /* Resources */,
			);
			buildRules = (
			);
			dependencies = (
				D28A11EC26A73FCE00032484 /* PBXTargetDependency */,
			);
			name = TipRanksExamTests;
			productName = TipRanksExamTests;
			productReference = D28A11EA26A73FCE00032484 /* TipRanksExamTests.xctest */;
			productType = "com.apple.product-type.bundle.unit-test";
		};
		D28A11F426A73FCE00032484 /* TipRanksExamUITests */ = {
			isa = PBXNativeTarget;
			buildConfigurationList = D28A120426A73FCE00032484 /* Build configuration list for PBXNativeTarget "TipRanksExamUITests" */;
			buildPhases = (
				D28A11F126A73FCE00032484 /* Sources */,
				D28A11F226A73FCE00032484 /* Frameworks */,
				D28A11F326A73FCE00032484 /* Resources */,
			);
			buildRules = (
			);
			dependencies = (
				D28A11F726A73FCE00032484 /* PBXTargetDependency */,
			);
			name = TipRanksExamUITests;
			productName = TipRanksExamUITests;
			productReference = D28A11F526A73FCE00032484 /* TipRanksExamUITests.xctest */;
			productType = "com.apple.product-type.bundle.ui-testing";
		};
/* End PBXNativeTarget section */

/* Begin PBXProject section */
		D28A11C926A73FCC00032484 /* Project object */ = {
			isa = PBXProject;
			attributes = {
				LastSwiftUpdateCheck = 1250;
				LastUpgradeCheck = 1250;
				TargetAttributes = {
					D28A11D026A73FCC00032484 = {
						CreatedOnToolsVersion = 12.5.1;
					};
					D28A11E926A73FCE00032484 = {
						CreatedOnToolsVersion = 12.5.1;
						TestTargetID = D28A11D026A73FCC00032484;
					};
					D28A11F426A73FCE00032484 = {
						CreatedOnToolsVersion = 12.5.1;
						TestTargetID = D28A11D026A73FCC00032484;
					};
				};
			};
			buildConfigurationList = D28A11CC26A73FCC00032484 /* Build configuration list for PBXProject "TipRanksExam" */;
			compatibilityVersion = "Xcode 9.3";
			developmentRegion = en;
			hasScannedForEncodings = 0;
			knownRegions = (
				en,
				Base,
			);
			mainGroup = D28A11C826A73FCC00032484;
			productRefGroup = D28A11D226A73FCC00032484 /* Products */;
			projectDirPath = "";
			projectRoot = "";
			targets = (
				D28A11D026A73FCC00032484 /* TipRanksExam */,
				D28A11E926A73FCE00032484 /* TipRanksExamTests */,
				D28A11F426A73FCE00032484 /* TipRanksExamUITests */,
			);
		};
/* End PBXProject section */

/* Begin PBXResourcesBuildPhase section */
		D28A11CF26A73FCC00032484 /* Resources */ = {
			isa = PBXResourcesBuildPhase;
			buildActionMask = 2147483647;
			files = (
				D20B01D826AC78FA001B089A /* PromotionTableViewCell.xib in Resources */,
				D28A11E426A73FCE00032484 /* LaunchScreen.storyboard in Resources */,
				D28A11E126A73FCE00032484 /* Assets.xcassets in Resources */,
				D28A11DC26A73FCC00032484 /* Main.storyboard in Resources */,
				D20B01CB26A9EFA5001B089A /* PostTableViewCell.xib in Resources */,
			);
			runOnlyForDeploymentPostprocessing = 0;
		};
		D28A11E826A73FCE00032484 /* Resources */ = {
			isa = PBXResourcesBuildPhase;
			buildActionMask = 2147483647;
			files = (
			);
			runOnlyForDeploymentPostprocessing = 0;
		};
		D28A11F326A73FCE00032484 /* Resources */ = {
			isa = PBXResourcesBuildPhase;
			buildActionMask = 2147483647;
			files = (
			);
			runOnlyForDeploymentPostprocessing = 0;
		};
/* End PBXResourcesBuildPhase section */

/* Begin PBXShellScriptBuildPhase section */
		7EE842FCC6CC7D0613DD072B /* [CP] Copy Pods Resources */ = {
			isa = PBXShellScriptBuildPhase;
			buildActionMask = 2147483647;
			files = (
			);
			inputFileListPaths = (
				"${PODS_ROOT}/Target Support Files/Pods-TipRanksExam/Pods-TipRanksExam-resources-${CONFIGURATION}-input-files.xcfilelist",
			);
			name = "[CP] Copy Pods Resources";
			outputFileListPaths = (
				"${PODS_ROOT}/Target Support Files/Pods-TipRanksExam/Pods-TipRanksExam-resources-${CONFIGURATION}-output-files.xcfilelist",
			);
			runOnlyForDeploymentPostprocessing = 0;
			shellPath = /bin/sh;
			shellScript = "\"${PODS_ROOT}/Target Support Files/Pods-TipRanksExam/Pods-TipRanksExam-resources.sh\"\n";
			showEnvVarsInLog = 0;
		};
		AFE345FBFF817659651F9D9F /* [CP] Check Pods Manifest.lock */ = {
			isa = PBXShellScriptBuildPhase;
			buildActionMask = 2147483647;
			files = (
			);
			inputFileListPaths = (
			);
			inputPaths = (
				"${PODS_PODFILE_DIR_PATH}/Podfile.lock",
				"${PODS_ROOT}/Manifest.lock",
			);
			name = "[CP] Check Pods Manifest.lock";
			outputFileListPaths = (
			);
			outputPaths = (
				"$(DERIVED_FILE_DIR)/Pods-TipRanksExam-checkManifestLockResult.txt",
			);
			runOnlyForDeploymentPostprocessing = 0;
			shellPath = /bin/sh;
			shellScript = "diff \"${PODS_PODFILE_DIR_PATH}/Podfile.lock\" \"${PODS_ROOT}/Manifest.lock\" > /dev/null\nif [ $? != 0 ] ; then\n    # print error to STDERR\n    echo \"error: The sandbox is not in sync with the Podfile.lock. Run 'pod install' or update your CocoaPods installation.\" >&2\n    exit 1\nfi\n# This output is used by Xcode 'outputs' to avoid re-running this script phase.\necho \"SUCCESS\" > \"${SCRIPT_OUTPUT_FILE_0}\"\n";
			showEnvVarsInLog = 0;
		};
		E6C860D12E38D6C559E0453F /* [CP] Embed Pods Frameworks */ = {
			isa = PBXShellScriptBuildPhase;
			buildActionMask = 2147483647;
			files = (
			);
			inputFileListPaths = (
				"${PODS_ROOT}/Target Support Files/Pods-TipRanksExam/Pods-TipRanksExam-frameworks-${CONFIGURATION}-input-files.xcfilelist",
			);
			name = "[CP] Embed Pods Frameworks";
			outputFileListPaths = (
				"${PODS_ROOT}/Target Support Files/Pods-TipRanksExam/Pods-TipRanksExam-frameworks-${CONFIGURATION}-output-files.xcfilelist",
			);
			runOnlyForDeploymentPostprocessing = 0;
			shellPath = /bin/sh;
			shellScript = "\"${PODS_ROOT}/Target Support Files/Pods-TipRanksExam/Pods-TipRanksExam-frameworks.sh\"\n";
			showEnvVarsInLog = 0;
		};
/* End PBXShellScriptBuildPhase section */

/* Begin PBXSourcesBuildPhase section */
		D28A11CD26A73FCC00032484 /* Sources */ = {
			isa = PBXSourcesBuildPhase;
			buildActionMask = 2147483647;
			files = (
				D20B01D026AAFE93001B089A /* PostTableViewCellViewModel.swift in Sources */,
				D20B01BA26A9A7AF001B089A /* EndPointType.swift in Sources */,
				D20B01BE26A9A7EE001B089A /* Networking.swift in Sources */,
				D20B01DA26ACAFC8001B089A /* WebViewController.swift in Sources */,
				D20B01DE26ADDB5D001B089A /* UIScrollView + extention.swift in Sources */,
				D28A11DF26A73FCC00032484 /* TipRanksExam.xcdatamodeld in Sources */,
				D28A120C26A7413200032484 /* MainCoordinator.swift in Sources */,
				D20B01C626A9AA85001B089A /* Post.swift in Sources */,
				D28A11D926A73FCC00032484 /* ViewController.swift in Sources */,
				D20B01CE26AAFCD0001B089A /* String + extention.swift in Sources */,
				D20B01C026A9A811001B089A /* Api.swift in Sources */,
				D20B01CA26A9EFA5001B089A /* PostTableViewCell.swift in Sources */,
				D28A120A26A740D600032484 /* Coordinator.swift in Sources */,
				D20B01DC26ADC82D001B089A /* UITableView + extention.swift in Sources */,
				D20B01D726AC78FA001B089A /* PromotionTableViewCell.swift in Sources */,
				D28A11D526A73FCC00032484 /* AppDelegate.swift in Sources */,
				D20B01C326A9AA0A001B089A /* PostsViewModel.swift in Sources */,
				D20B01BC26A9A7C9001B089A /* NetworkType.swift in Sources */,
				D20B01D426AB3581001B089A /* Date + extention.swift in Sources */,
				D28A120826A740BF00032484 /* AppCorrdinator.swift in Sources */,
				D20B01D226AB354A001B089A /* UIimageView + extention.swift in Sources */,
				D20B01B826A9A785001B089A /* Response.swift in Sources */,
			);
			runOnlyForDeploymentPostprocessing = 0;
		};
		D28A11E626A73FCE00032484 /* Sources */ = {
			isa = PBXSourcesBuildPhase;
			buildActionMask = 2147483647;
			files = (
				D28A11EF26A73FCE00032484 /* TipRanksExamTests.swift in Sources */,
			);
			runOnlyForDeploymentPostprocessing = 0;
		};
		D28A11F126A73FCE00032484 /* Sources */ = {
			isa = PBXSourcesBuildPhase;
			buildActionMask = 2147483647;
			files = (
				D28A11FA26A73FCE00032484 /* TipRanksExamUITests.swift in Sources */,
			);
			runOnlyForDeploymentPostprocessing = 0;
		};
/* End PBXSourcesBuildPhase section */

/* Begin PBXTargetDependency section */
		D28A11EC26A73FCE00032484 /* PBXTargetDependency */ = {
			isa = PBXTargetDependency;
			target = D28A11D026A73FCC00032484 /* TipRanksExam */;
			targetProxy = D28A11EB26A73FCE00032484 /* PBXContainerItemProxy */;
		};
		D28A11F726A73FCE00032484 /* PBXTargetDependency */ = {
			isa = PBXTargetDependency;
			target = D28A11D026A73FCC00032484 /* TipRanksExam */;
			targetProxy = D28A11F626A73FCE00032484 /* PBXContainerItemProxy */;
		};
/* End PBXTargetDependency section */

/* Begin PBXVariantGroup section */
		D28A11DA26A73FCC00032484 /* Main.storyboard */ = {
			isa = PBXVariantGroup;
			children = (
				D28A11DB26A73FCC00032484 /* Base */,
			);
			name = Main.storyboard;
			sourceTree = "<group>";
		};
		D28A11E226A73FCE00032484 /* LaunchScreen.storyboard */ = {
			isa = PBXVariantGroup;
			children = (
				D28A11E326A73FCE00032484 /* Base */,
			);
			name = LaunchScreen.storyboard;
			sourceTree = "<group>";
		};
/* End PBXVariantGroup section */

/* Begin XCBuildConfiguration section */
		D28A11FC26A73FCE00032484 /* Debug */ = {
			isa = XCBuildConfiguration;
			buildSettings = {
				ALWAYS_SEARCH_USER_PATHS = NO;
				CLANG_ANALYZER_NONNULL = YES;
				CLANG_ANALYZER_NUMBER_OBJECT_CONVERSION = YES_AGGRESSIVE;
				CLANG_CXX_LANGUAGE_STANDARD = "gnu++14";
				CLANG_CXX_LIBRARY = "libc++";
				CLANG_ENABLE_MODULES = YES;
				CLANG_ENABLE_OBJC_ARC = YES;
				CLANG_ENABLE_OBJC_WEAK = YES;
				CLANG_WARN_BLOCK_CAPTURE_AUTORELEASING = YES;
				CLANG_WARN_BOOL_CONVERSION = YES;
				CLANG_WARN_COMMA = YES;
				CLANG_WARN_CONSTANT_CONVERSION = YES;
				CLANG_WARN_DEPRECATED_OBJC_IMPLEMENTATIONS = YES;
				CLANG_WARN_DIRECT_OBJC_ISA_USAGE = YES_ERROR;
				CLANG_WARN_DOCUMENTATION_COMMENTS = YES;
				CLANG_WARN_EMPTY_BODY = YES;
				CLANG_WARN_ENUM_CONVERSION = YES;
				CLANG_WARN_INFINITE_RECURSION = YES;
				CLANG_WARN_INT_CONVERSION = YES;
				CLANG_WARN_NON_LITERAL_NULL_CONVERSION = YES;
				CLANG_WARN_OBJC_IMPLICIT_RETAIN_SELF = YES;
				CLANG_WARN_OBJC_LITERAL_CONVERSION = YES;
				CLANG_WARN_OBJC_ROOT_CLASS = YES_ERROR;
				CLANG_WARN_QUOTED_INCLUDE_IN_FRAMEWORK_HEADER = YES;
				CLANG_WARN_RANGE_LOOP_ANALYSIS = YES;
				CLANG_WARN_STRICT_PROTOTYPES = YES;
				CLANG_WARN_SUSPICIOUS_MOVE = YES;
				CLANG_WARN_UNGUARDED_AVAILABILITY = YES_AGGRESSIVE;
				CLANG_WARN_UNREACHABLE_CODE = YES;
				CLANG_WARN__DUPLICATE_METHOD_MATCH = YES;
				COPY_PHASE_STRIP = NO;
				DEBUG_INFORMATION_FORMAT = dwarf;
				ENABLE_STRICT_OBJC_MSGSEND = YES;
				ENABLE_TESTABILITY = YES;
				GCC_C_LANGUAGE_STANDARD = gnu11;
				GCC_DYNAMIC_NO_PIC = NO;
				GCC_NO_COMMON_BLOCKS = YES;
				GCC_OPTIMIZATION_LEVEL = 0;
				GCC_PREPROCESSOR_DEFINITIONS = (
					"DEBUG=1",
					"$(inherited)",
				);
				GCC_WARN_64_TO_32_BIT_CONVERSION = YES;
				GCC_WARN_ABOUT_RETURN_TYPE = YES_ERROR;
				GCC_WARN_UNDECLARED_SELECTOR = YES;
				GCC_WARN_UNINITIALIZED_AUTOS = YES_AGGRESSIVE;
				GCC_WARN_UNUSED_FUNCTION = YES;
				GCC_WARN_UNUSED_VARIABLE = YES;
				IPHONEOS_DEPLOYMENT_TARGET = 14.5;
				MTL_ENABLE_DEBUG_INFO = INCLUDE_SOURCE;
				MTL_FAST_MATH = YES;
				ONLY_ACTIVE_ARCH = YES;
				SDKROOT = iphoneos;
				SWIFT_ACTIVE_COMPILATION_CONDITIONS = DEBUG;
				SWIFT_OPTIMIZATION_LEVEL = "-Onone";
			};
			name = Debug;
		};
		D28A11FD26A73FCE00032484 /* Release */ = {
			isa = XCBuildConfiguration;
			buildSettings = {
				ALWAYS_SEARCH_USER_PATHS = NO;
				CLANG_ANALYZER_NONNULL = YES;
				CLANG_ANALYZER_NUMBER_OBJECT_CONVERSION = YES_AGGRESSIVE;
				CLANG_CXX_LANGUAGE_STANDARD = "gnu++14";
				CLANG_CXX_LIBRARY = "libc++";
				CLANG_ENABLE_MODULES = YES;
				CLANG_ENABLE_OBJC_ARC = YES;
				CLANG_ENABLE_OBJC_WEAK = YES;
				CLANG_WARN_BLOCK_CAPTURE_AUTORELEASING = YES;
				CLANG_WARN_BOOL_CONVERSION = YES;
				CLANG_WARN_COMMA = YES;
				CLANG_WARN_CONSTANT_CONVERSION = YES;
				CLANG_WARN_DEPRECATED_OBJC_IMPLEMENTATIONS = YES;
				CLANG_WARN_DIRECT_OBJC_ISA_USAGE = YES_ERROR;
				CLANG_WARN_DOCUMENTATION_COMMENTS = YES;
				CLANG_WARN_EMPTY_BODY = YES;
				CLANG_WARN_ENUM_CONVERSION = YES;
				CLANG_WARN_INFINITE_RECURSION = YES;
				CLANG_WARN_INT_CONVERSION = YES;
				CLANG_WARN_NON_LITERAL_NULL_CONVERSION = YES;
				CLANG_WARN_OBJC_IMPLICIT_RETAIN_SELF = YES;
				CLANG_WARN_OBJC_LITERAL_CONVERSION = YES;
				CLANG_WARN_OBJC_ROOT_CLASS = YES_ERROR;
				CLANG_WARN_QUOTED_INCLUDE_IN_FRAMEWORK_HEADER = YES;
				CLANG_WARN_RANGE_LOOP_ANALYSIS = YES;
				CLANG_WARN_STRICT_PROTOTYPES = YES;
				CLANG_WARN_SUSPICIOUS_MOVE = YES;
				CLANG_WARN_UNGUARDED_AVAILABILITY = YES_AGGRESSIVE;
				CLANG_WARN_UNREACHABLE_CODE = YES;
				CLANG_WARN__DUPLICATE_METHOD_MATCH = YES;
				COPY_PHASE_STRIP = NO;
				DEBUG_INFORMATION_FORMAT = "dwarf-with-dsym";
				ENABLE_NS_ASSERTIONS = NO;
				ENABLE_STRICT_OBJC_MSGSEND = YES;
				GCC_C_LANGUAGE_STANDARD = gnu11;
				GCC_NO_COMMON_BLOCKS = YES;
				GCC_WARN_64_TO_32_BIT_CONVERSION = YES;
				GCC_WARN_ABOUT_RETURN_TYPE = YES_ERROR;
				GCC_WARN_UNDECLARED_SELECTOR = YES;
				GCC_WARN_UNINITIALIZED_AUTOS = YES_AGGRESSIVE;
				GCC_WARN_UNUSED_FUNCTION = YES;
				GCC_WARN_UNUSED_VARIABLE = YES;
				IPHONEOS_DEPLOYMENT_TARGET = 14.5;
				MTL_ENABLE_DEBUG_INFO = NO;
				MTL_FAST_MATH = YES;
				SDKROOT = iphoneos;
				SWIFT_COMPILATION_MODE = wholemodule;
				SWIFT_OPTIMIZATION_LEVEL = "-O";
				VALIDATE_PRODUCT = YES;
			};
			name = Release;
		};
		D28A11FF26A73FCE00032484 /* Debug */ = {
			isa = XCBuildConfiguration;
			baseConfigurationReference = 8F9A494E89A5715F86F6422E /* Pods-TipRanksExam.debug.xcconfig */;
			buildSettings = {
				ASSETCATALOG_COMPILER_APPICON_NAME = AppIcon;
				ASSETCATALOG_COMPILER_GLOBAL_ACCENT_COLOR_NAME = AccentColor;
				CODE_SIGN_STYLE = Automatic;
				DEVELOPMENT_TEAM = PY33DFS879;
				INFOPLIST_FILE = TipRanksExam/Info.plist;
				LD_RUNPATH_SEARCH_PATHS = (
					"$(inherited)",
					"@executable_path/Frameworks",
				);
				PRODUCT_BUNDLE_IDENTIFIER = me.TipRanksExam;
				PRODUCT_NAME = "$(TARGET_NAME)";
				SWIFT_VERSION = 5.0;
				TARGETED_DEVICE_FAMILY = "1,2";
			};
			name = Debug;
		};
		D28A120026A73FCE00032484 /* Release */ = {
			isa = XCBuildConfiguration;
			baseConfigurationReference = 5642E0F249878B44C687F2ED /* Pods-TipRanksExam.release.xcconfig */;
			buildSettings = {
				ASSETCATALOG_COMPILER_APPICON_NAME = AppIcon;
				ASSETCATALOG_COMPILER_GLOBAL_ACCENT_COLOR_NAME = AccentColor;
				CODE_SIGN_STYLE = Automatic;
				DEVELOPMENT_TEAM = 3T4Z59U5AS;
				INFOPLIST_FILE = TipRanksExam/Info.plist;
				LD_RUNPATH_SEARCH_PATHS = (
					"$(inherited)",
					"@executable_path/Frameworks",
				);
				PRODUCT_BUNDLE_IDENTIFIER = me.TipRanksExam;
				PRODUCT_NAME = "$(TARGET_NAME)";
				SWIFT_VERSION = 5.0;
				TARGETED_DEVICE_FAMILY = "1,2";
			};
			name = Release;
		};
		D28A120226A73FCE00032484 /* Debug */ = {
			isa = XCBuildConfiguration;
			buildSettings = {
				ALWAYS_EMBED_SWIFT_STANDARD_LIBRARIES = YES;
				BUNDLE_LOADER = "$(TEST_HOST)";
				CODE_SIGN_STYLE = Automatic;
				DEVELOPMENT_TEAM = PY33DFS879;
				INFOPLIST_FILE = TipRanksExamTests/Info.plist;
				IPHONEOS_DEPLOYMENT_TARGET = 14.5;
				LD_RUNPATH_SEARCH_PATHS = (
					"$(inherited)",
					"@executable_path/Frameworks",
					"@loader_path/Frameworks",
				);
				PRODUCT_BUNDLE_IDENTIFIER = me.TipRanksExamTests;
				PRODUCT_NAME = "$(TARGET_NAME)";
				SWIFT_VERSION = 5.0;
				TARGETED_DEVICE_FAMILY = "1,2";
				TEST_HOST = "$(BUILT_PRODUCTS_DIR)/TipRanksExam.app/TipRanksExam";
			};
			name = Debug;
		};
		D28A120326A73FCE00032484 /* Release */ = {
			isa = XCBuildConfiguration;
			buildSettings = {
				ALWAYS_EMBED_SWIFT_STANDARD_LIBRARIES = YES;
				BUNDLE_LOADER = "$(TEST_HOST)";
				CODE_SIGN_STYLE = Automatic;
				DEVELOPMENT_TEAM = PY33DFS879;
				INFOPLIST_FILE = TipRanksExamTests/Info.plist;
				IPHONEOS_DEPLOYMENT_TARGET = 14.5;
				LD_RUNPATH_SEARCH_PATHS = (
					"$(inherited)",
					"@executable_path/Frameworks",
					"@loader_path/Frameworks",
				);
				PRODUCT_BUNDLE_IDENTIFIER = me.TipRanksExamTests;
				PRODUCT_NAME = "$(TARGET_NAME)";
				SWIFT_VERSION = 5.0;
				TARGETED_DEVICE_FAMILY = "1,2";
				TEST_HOST = "$(BUILT_PRODUCTS_DIR)/TipRanksExam.app/TipRanksExam";
			};
			name = Release;
		};
		D28A120526A73FCE00032484 /* Debug */ = {
			isa = XCBuildConfiguration;
			buildSettings = {
				ALWAYS_EMBED_SWIFT_STANDARD_LIBRARIES = YES;
				CODE_SIGN_STYLE = Automatic;
				DEVELOPMENT_TEAM = PY33DFS879;
				INFOPLIST_FILE = TipRanksExamUITests/Info.plist;
				LD_RUNPATH_SEARCH_PATHS = (
					"$(inherited)",
					"@executable_path/Frameworks",
					"@loader_path/Frameworks",
				);
				PRODUCT_BUNDLE_IDENTIFIER = me.TipRanksExamUITests;
				PRODUCT_NAME = "$(TARGET_NAME)";
				SWIFT_VERSION = 5.0;
				TARGETED_DEVICE_FAMILY = "1,2";
				TEST_TARGET_NAME = TipRanksExam;
			};
			name = Debug;
		};
		D28A120626A73FCE00032484 /* Release */ = {
			isa = XCBuildConfiguration;
			buildSettings = {
				ALWAYS_EMBED_SWIFT_STANDARD_LIBRARIES = YES;
				CODE_SIGN_STYLE = Automatic;
				DEVELOPMENT_TEAM = PY33DFS879;
				INFOPLIST_FILE = TipRanksExamUITests/Info.plist;
				LD_RUNPATH_SEARCH_PATHS = (
					"$(inherited)",
					"@executable_path/Frameworks",
					"@loader_path/Frameworks",
				);
				PRODUCT_BUNDLE_IDENTIFIER = me.TipRanksExamUITests;
				PRODUCT_NAME = "$(TARGET_NAME)";
				SWIFT_VERSION = 5.0;
				TARGETED_DEVICE_FAMILY = "1,2";
				TEST_TARGET_NAME = TipRanksExam;
			};
			name = Release;
		};
/* End XCBuildConfiguration section */

/* Begin XCConfigurationList section */
		D28A11CC26A73FCC00032484 /* Build configuration list for PBXProject "TipRanksExam" */ = {
			isa = XCConfigurationList;
			buildConfigurations = (
				D28A11FC26A73FCE00032484 /* Debug */,
				D28A11FD26A73FCE00032484 /* Release */,
			);
			defaultConfigurationIsVisible = 0;
			defaultConfigurationName = Release;
		};
		D28A11FE26A73FCE00032484 /* Build configuration list for PBXNativeTarget "TipRanksExam" */ = {
			isa = XCConfigurationList;
			buildConfigurations = (
				D28A11FF26A73FCE00032484 /* Debug */,
				D28A120026A73FCE00032484 /* Release */,
			);
			defaultConfigurationIsVisible = 0;
			defaultConfigurationName = Release;
		};
		D28A120126A73FCE00032484 /* Build configuration list for PBXNativeTarget "TipRanksExamTests" */ = {
			isa = XCConfigurationList;
			buildConfigurations = (
				D28A120226A73FCE00032484 /* Debug */,
				D28A120326A73FCE00032484 /* Release */,
			);
			defaultConfigurationIsVisible = 0;
			defaultConfigurationName = Release;
		};
		D28A120426A73FCE00032484 /* Build configuration list for PBXNativeTarget "TipRanksExamUITests" */ = {
			isa = XCConfigurationList;
			buildConfigurations = (
				D28A120526A73FCE00032484 /* Debug */,
				D28A120626A73FCE00032484 /* Release */,
			);
			defaultConfigurationIsVisible = 0;
			defaultConfigurationName = Release;
		};
/* End XCConfigurationList section */

/* Begin XCVersionGroup section */
		D28A11DD26A73FCC00032484 /* TipRanksExam.xcdatamodeld */ = {
			isa = XCVersionGroup;
			children = (
				D28A11DE26A73FCC00032484 /* TipRanksExam.xcdatamodel */,
			);
			currentVersion = D28A11DE26A73FCC00032484 /* TipRanksExam.xcdatamodel */;
			path = TipRanksExam.xcdatamodeld;
			sourceTree = "<group>";
			versionGroupType = wrapper.xcdatamodel;
		};
/* End XCVersionGroup section */
	};
	rootObject = D28A11C926A73FCC00032484 /* Project object */;
}
